
Microsoft Visual Studio Solution File, Format Version 12.00
# Visual Studio 15
VisualStudioVersion = 15.0.27130.2036
MinimumVisualStudioVersion = 10.0.40219.1
Project("{9A19103F-16F7-4668-BE54-9A1E7A4F7556}") = "Pway.Web", "Pway.Web\Pway.Web.csproj", "{759607B6-F3A0-4168-AF68-CCFB4013FA64}"
	ProjectSection(ProjectDependencies) = postProject
		{0287A6BB-C38D-48D6-B6BC-862A3E0EBF04} = {0287A6BB-C38D-48D6-B6BC-862A3E0EBF04}
	EndProjectSection
EndProject
Project("{9A19103F-16F7-4668-BE54-9A1E7A4F7556}") = "Pway.Data", "Pway.Data\Pway.Data.csproj", "{81A277D1-F324-4D0A-804A-07D4B67B8446}"
EndProject
Project("{9A19103F-16F7-4668-BE54-9A1E7A4F7556}") = "Pway.Common", "Pway.Common\Pway.Common.csproj", "{2E9C155F-F8FB-4741-863D-5C75506A7D02}"
EndProject
Project("{9A19103F-16F7-4668-BE54-9A1E7A4F7556}") = "Pway.Contracts", "Pway.Contracts\Pway.Contracts.csproj", "{0287A6BB-C38D-48D6-B6BC-862A3E0EBF04}"
EndProject
Global
	GlobalSection(SolutionConfigurationPlatforms) = preSolution
		Debug|Any CPU = Debug|Any CPU
		Release|Any CPU = Release|Any CPU
	EndGlobalSection
	GlobalSection(ProjectConfigurationPlatforms) = postSolution
		{759607B6-F3A0-4168-AF68-CCFB4013FA64}.Debug|Any CPU.ActiveCfg = Debug|Any CPU
		{759607B6-F3A0-4168-AF68-CCFB4013FA64}.Debug|Any CPU.Build.0 = Debug|Any CPU
		{759607B6-F3A0-4168-AF68-CCFB4013FA64}.Release|Any CPU.ActiveCfg = Release|Any CPU
		{759607B6-F3A0-4168-AF68-CCFB4013FA64}.Release|Any CPU.Build.0 = Release|Any CPU
		{81A277D1-F324-4D0A-804A-07D4B67B8446}.Debug|Any CPU.ActiveCfg = Debug|Any CPU
		{81A277D1-F324-4D0A-804A-07D4B67B8446}.Debug|Any CPU.Build.0 = Debug|Any CPU
		{81A277D1-F324-4D0A-804A-07D4B67B8446}.Release|Any CPU.ActiveCfg = Release|Any CPU
		{81A277D1-F324-4D0A-804A-07D4B67B8446}.Release|Any CPU.Build.0 = Release|Any CPU
		{2E9C155F-F8FB-4741-863D-5C75506A7D02}.Debug|Any CPU.ActiveCfg = Debug|Any CPU
		{2E9C155F-F8FB-4741-863D-5C75506A7D02}.Debug|Any CPU.Build.0 = Debug|Any CPU
		{2E9C155F-F8FB-4741-863D-5C75506A7D02}.Release|Any CPU.ActiveCfg = Release|Any CPU
		{2E9C155F-F8FB-4741-863D-5C75506A7D02}.Release|Any CPU.Build.0 = Release|Any CPU
		{0287A6BB-C38D-48D6-B6BC-862A3E0EBF04}.Debug|Any CPU.ActiveCfg = Debug|Any CPU
		{0287A6BB-C38D-48D6-B6BC-862A3E0EBF04}.Debug|Any CPU.Build.0 = Debug|Any CPU
		{0287A6BB-C38D-48D6-B6BC-862A3E0EBF04}.Release|Any CPU.ActiveCfg = Release|Any CPU
		{0287A6BB-C38D-48D6-B6BC-862A3E0EBF04}.Release|Any CPU.Build.0 = Release|Any CPU
	EndGlobalSection
	GlobalSection(SolutionProperties) = preSolution
		HideSolutionNode = FALSE
	EndGlobalSection
	GlobalSection(ExtensibilityGlobals) = postSolution
		SolutionGuid = {0571C96F-C77E-41E7-8312-058E0F127E36}
	EndGlobalSection
EndGlobal
